// !$*UTF8*$!
{
	archiveVersion = 1;
	classes = {
	};
	objectVersion = 46;
	objects = {

/* Begin PBXBuildFile section */
		86D6E4F31DE40173005C4F21 /* AppDelegate.swift in Sources */ = {isa = PBXBuildFile; fileRef = 86D6E4F21DE40173005C4F21 /* AppDelegate.swift */; };
		86D6E4F51DE40173005C4F21 /* ViewController.swift in Sources */ = {isa = PBXBuildFile; fileRef = 86D6E4F41DE40173005C4F21 /* ViewController.swift */; };
		86D6E4F81DE40173005C4F21 /* Main.storyboard in Resources */ = {isa = PBXBuildFile; fileRef = 86D6E4F61DE40173005C4F21 /* Main.storyboard */; };
		86D6E4FA1DE40173005C4F21 /* Assets.xcassets in Resources */ = {isa = PBXBuildFile; fileRef = 86D6E4F91DE40173005C4F21 /* Assets.xcassets */; };
		86D6E4FD1DE40173005C4F21 /* LaunchScreen.storyboard in Resources */ = {isa = PBXBuildFile; fileRef = 86D6E4FB1DE40173005C4F21 /* LaunchScreen.storyboard */; };
		ABC8767DE00ADF2B726AD370 /* Pods_chat_app.framework in Frameworks */ = {isa = PBXBuildFile; fileRef = AB763EC56440BF9311268AE3 /* Pods_chat_app.framework */; };
/* End PBXBuildFile section */

/* Begin PBXFileReference section */
		5BD5FFD150CE905DC0D80E61 /* Pods-chat_app.debug.xcconfig */ = {isa = PBXFileReference; includeInIndex = 1; lastKnownFileType = text.xcconfig; name = "Pods-chat_app.debug.xcconfig"; path = "Pods/Target Support Files/Pods-chat_app/Pods-chat_app.debug.xcconfig"; sourceTree = "<group>"; };
		5C3724B3AA687DC8B4D558B8 /* Pods-chat_app.release.xcconfig */ = {isa = PBXFileReference; includeInIndex = 1; lastKnownFileType = text.xcconfig; name = "Pods-chat_app.release.xcconfig"; path = "Pods/Target Support Files/Pods-chat_app/Pods-chat_app.release.xcconfig"; sourceTree = "<group>"; };
		863587331DEB089C000E0867 /* JSQMessagesViewController.framework */ = {isa = PBXFileReference; lastKnownFileType = wrapper.framework; name = JSQMessagesViewController.framework; path = "../../../../Library/Developer/Xcode/DerivedData/chat_app-feykjungolzewgaobzjsmreyuroq/Build/Products/Debug-iphonesimulator/JSQMessagesViewController/JSQMessagesViewController.framework"; sourceTree = "<group>"; };
		863587351DEB08AE000E0867 /* JSQSystemSoundPlayer.framework */ = {isa = PBXFileReference; lastKnownFileType = wrapper.framework; name = JSQSystemSoundPlayer.framework; path = "../../../../Library/Developer/Xcode/DerivedData/chat_app-feykjungolzewgaobzjsmreyuroq/Build/Products/Debug-iphonesimulator/JSQSystemSoundPlayer/JSQSystemSoundPlayer.framework"; sourceTree = "<group>"; };
		86D6E4EF1DE40173005C4F21 /* chat_app.app */ = {isa = PBXFileReference; explicitFileType = wrapper.application; includeInIndex = 0; path = chat_app.app; sourceTree = BUILT_PRODUCTS_DIR; };
		86D6E4F21DE40173005C4F21 /* AppDelegate.swift */ = {isa = PBXFileReference; lastKnownFileType = sourcecode.swift; path = AppDelegate.swift; sourceTree = "<group>"; };
		86D6E4F41DE40173005C4F21 /* ViewController.swift */ = {isa = PBXFileReference; lastKnownFileType = sourcecode.swift; path = ViewController.swift; sourceTree = "<group>"; };
		86D6E4F71DE40173005C4F21 /* Base */ = {isa = PBXFileReference; lastKnownFileType = file.storyboard; name = Base; path = Base.lproj/Main.storyboard; sourceTree = "<group>"; };
		86D6E4F91DE40173005C4F21 /* Assets.xcassets */ = {isa = PBXFileReference; lastKnownFileType = folder.assetcatalog; path = Assets.xcassets; sourceTree = "<group>"; };
		86D6E4FC1DE40173005C4F21 /* Base */ = {isa = PBXFileReference; lastKnownFileType = file.storyboard; name = Base; path = Base.lproj/LaunchScreen.storyboard; sourceTree = "<group>"; };
		86D6E4FE1DE40173005C4F21 /* Info.plist */ = {isa = PBXFileReference; lastKnownFileType = text.plist.xml; path = Info.plist; sourceTree = "<group>"; };
		AB763EC56440BF9311268AE3 /* Pods_chat_app.framework */ = {isa = PBXFileReference; explicitFileType = wrapper.framework; includeInIndex = 0; path = Pods_chat_app.framework; sourceTree = BUILT_PRODUCTS_DIR; };
/* End PBXFileReference section */

/* Begin PBXFrameworksBuildPhase section */
		86D6E4EC1DE40173005C4F21 /* Frameworks */ = {
			isa = PBXFrameworksBuildPhase;
			buildActionMask = 2147483647;
			files = (
				ABC8767DE00ADF2B726AD370 /* Pods_chat_app.framework in Frameworks */,
			);
			runOnlyForDeploymentPostprocessing = 0;
		};
/* End PBXFrameworksBuildPhase section */

/* Begin PBXGroup section */
		072C85EA881E630BB3C830E8 /* Pods */ = {
			isa = PBXGroup;
			children = (
				5BD5FFD150CE905DC0D80E61 /* Pods-chat_app.debug.xcconfig */,
				5C3724B3AA687DC8B4D558B8 /* Pods-chat_app.release.xcconfig */,
			);
			name = Pods;
			sourceTree = "<group>";
		};
		2443CD985FC75E7E380C2B4B /* Frameworks */ = {
			isa = PBXGroup;
			children = (
				863587351DEB08AE000E0867 /* JSQSystemSoundPlayer.framework */,
				863587331DEB089C000E0867 /* JSQMessagesViewController.framework */,
				AB763EC56440BF9311268AE3 /* Pods_chat_app.framework */,
			);
			name = Frameworks;
			sourceTree = "<group>";
		};
		86D6E4E61DE40173005C4F21 = {
			isa = PBXGroup;
			children = (
				86D6E4F11DE40173005C4F21 /* chat_app */,
				86D6E4F01DE40173005C4F21 /* Products */,
				072C85EA881E630BB3C830E8 /* Pods */,
				2443CD985FC75E7E380C2B4B /* Frameworks */,
			);
			sourceTree = "<group>";
		};
		86D6E4F01DE40173005C4F21 /* Products */ = {
			isa = PBXGroup;
			children = (
				86D6E4EF1DE40173005C4F21 /* chat_app.app */,
			);
			name = Products;
			sourceTree = "<group>";
		};
		86D6E4F11DE40173005C4F21 /* chat_app */ = {
			isa = PBXGroup;
			children = (
				86D6E4F21DE40173005C4F21 /* AppDelegate.swift */,
				86D6E4F41DE40173005C4F21 /* ViewController.swift */,
				86D6E4F61DE40173005C4F21 /* Main.storyboard */,
				86D6E4F91DE40173005C4F21 /* Assets.xcassets */,
				86D6E4FB1DE40173005C4F21 /* LaunchScreen.storyboard */,
				86D6E4FE1DE40173005C4F21 /* Info.plist */,
			);
			path = chat_app;
			sourceTree = "<group>";
		};
/* End PBXGroup section */

/* Begin PBXNativeTarget section */
		86D6E4EE1DE40173005C4F21 /* chat_app */ = {
			isa = PBXNativeTarget;
			buildConfigurationList = 86D6E5011DE40173005C4F21 /* Build configuration list for PBXNativeTarget "chat_app" */;
			buildPhases = (
				FD30E7BBB5904F10F86D3498 /* [CP] Check Pods Manifest.lock */,
				86D6E4EB1DE40173005C4F21 /* Sources */,
				86D6E4EC1DE40173005C4F21 /* Frameworks */,
				86D6E4ED1DE40173005C4F21 /* Resources */,
				6CB280C704475197A7A240BC /* [CP] Embed Pods Frameworks */,
				F5A82DF5C5BCF03C4EFE0BDF /* [CP] Copy Pods Resources */,
			);
			buildRules = (
			);
			dependencies = (
			);
			name = chat_app;
			productName = chat_app;
			productReference = 86D6E4EF1DE40173005C4F21 /* chat_app.app */;
			productType = "com.apple.product-type.application";
		};
/* End PBXNativeTarget section */

/* Begin PBXProject section */
		86D6E4E71DE40173005C4F21 /* Project object */ = {
			isa = PBXProject;
			attributes = {
				LastSwiftUpdateCheck = 0810;
				LastUpgradeCheck = 0810;
				ORGANIZATIONNAME = "Takuya Tsuruda";
				TargetAttributes = {
					86D6E4EE1DE40173005C4F21 = {
						CreatedOnToolsVersion = 8.1;
						ProvisioningStyle = Automatic;
					};
				};
			};
			buildConfigurationList = 86D6E4EA1DE40173005C4F21 /* Build configuration list for PBXProject "chat_app" */;
			compatibilityVersion = "Xcode 3.2";
			developmentRegion = English;
			hasScannedForEncodings = 0;
			knownRegions = (
				en,
				Base,
			);
			mainGroup = 86D6E4E61DE40173005C4F21;
			productRefGroup = 86D6E4F01DE40173005C4F21 /* Products */;
			projectDirPath = "";
			projectRoot = "";
			targets = (
				86D6E4EE1DE40173005C4F21 /* chat_app */,
			);
		};
/* End PBXProject section */

/* Begin PBXResourcesBuildPhase section */
		86D6E4ED1DE40173005C4F21 /* Resources */ = {
			isa = PBXResourcesBuildPhase;
			buildActionMask = 2147483647;
			files = (
				86D6E4FD1DE40173005C4F21 /* LaunchScreen.storyboard in Resources */,
				86D6E4FA1DE40173005C4F21 /* Assets.xcassets in Resources */,
				86D6E4F81DE40173005C4F21 /* Main.storyboard in Resources */,
			);
			runOnlyForDeploymentPostprocessing = 0;
		};
/* End PBXResourcesBuildPhase section */

/* Begin PBXShellScriptBuildPhase section */
		6CB280C704475197A7A240BC /* [CP] Embed Pods Frameworks */ = {
			isa = PBXShellScriptBuildPhase;
			buildActionMask = 2147483647;
			files = (
			);
			inputPaths = (
			);
			name = "[CP] Embed Pods Frameworks";
			outputPaths = (
			);
			runOnlyForDeploymentPostprocessing = 0;
			shellPath = /bin/sh;
			shellScript = "\"${SRCROOT}/Pods/Target Support Files/Pods-chat_app/Pods-chat_app-frameworks.sh\"\n";
			showEnvVarsInLog = 0;
		};
		F5A82DF5C5BCF03C4EFE0BDF /* [CP] Copy Pods Resources */ = {
			isa = PBXShellScriptBuildPhase;
			buildActionMask = 2147483647;
			files = (
			);
			inputPaths = (
			);
			name = "[CP] Copy Pods Resources";
			outputPaths = (
			);
			runOnlyForDeploymentPostprocessing = 0;
			shellPath = /bin/sh;
			shellScript = "\"${SRCROOT}/Pods/Target Support Files/Pods-chat_app/Pods-chat_app-resources.sh\"\n";
			showEnvVarsInLog = 0;
		};
		FD30E7BBB5904F10F86D3498 /* [CP] Check Pods Manifest.lock */ = {
			isa = PBXShellScriptBuildPhase;
			buildActionMask = 2147483647;
			files = (
			);
			inputPaths = (
			);
			name = "[CP] Check Pods Manifest.lock";
			outputPaths = (
			);
			runOnlyForDeploymentPostprocessing = 0;
			shellPath = /bin/sh;
			shellScript = "diff \"${PODS_ROOT}/../Podfile.lock\" \"${PODS_ROOT}/Manifest.lock\" > /dev/null\nif [ $? != 0 ] ; then\n    # print error to STDERR\n    echo \"error: The sandbox is not in sync with the Podfile.lock. Run 'pod install' or update your CocoaPods installation.\" >&2\n    exit 1\nfi\n";
			showEnvVarsInLog = 0;
		};
/* End PBXShellScriptBuildPhase section */

/* Begin PBXSourcesBuildPhase section */
		86D6E4EB1DE40173005C4F21 /* Sources */ = {
			isa = PBXSourcesBuildPhase;
			buildActionMask = 2147483647;
			files = (
				86D6E4F51DE40173005C4F21 /* ViewController.swift in Sources */,
				86D6E4F31DE40173005C4F21 /* AppDelegate.swift in Sources */,
			);
			runOnlyForDeploymentPostprocessing = 0;
		};
/* End PBXSourcesBuildPhase section */

/* Begin PBXVariantGroup section */
		86D6E4F61DE40173005C4F21 /* Main.storyboard */ = {
			isa = PBXVariantGroup;
			children = (
				86D6E4F71DE40173005C4F21 /* Base */,
			);
			name = Main.storyboard;
			sourceTree = "<group>";
		};
		86D6E4FB1DE40173005C4F21 /* LaunchScreen.storyboard */ = {
			isa = PBXVariantGroup;
			children = (
				86D6E4FC1DE40173005C4F21 /* Base */,
			);
			name = LaunchScreen.storyboard;
			sourceTree = "<group>";
		};
/* End PBXVariantGroup section */

/* Begin XCBuildConfiguration section */
		86D6E4FF1DE40173005C4F21 /* Debug */ = {
			isa = XCBuildConfiguration;
			buildSettings = {
				ALWAYS_SEARCH_USER_PATHS = NO;
				CLANG_ANALYZER_NONNULL = YES;
				CLANG_CXX_LANGUAGE_STANDARD = "gnu++0x";
				CLANG_CXX_LIBRARY = "libc++";
				CLANG_ENABLE_MODULES = YES;
				CLANG_ENABLE_OBJC_ARC = YES;
				CLANG_WARN_BOOL_CONVERSION = YES;
				CLANG_WARN_CONSTANT_CONVERSION = YES;
				CLANG_WARN_DIRECT_OBJC_ISA_USAGE = YES_ERROR;
				CLANG_WARN_DOCUMENTATION_COMMENTS = YES;
				CLANG_WARN_EMPTY_BODY = YES;
				CLANG_WARN_ENUM_CONVERSION = YES;
				CLANG_WARN_INFINITE_RECURSION = YES;
				CLANG_WARN_INT_CONVERSION = YES;
				CLANG_WARN_OBJC_ROOT_CLASS = YES_ERROR;
				CLANG_WARN_SUSPICIOUS_MOVES = YES;
				CLANG_WARN_UNREACHABLE_CODE = YES;
				CLANG_WARN__DUPLICATE_METHOD_MATCH = YES;
				"CODE_SIGN_IDENTITY[sdk=iphoneos*]" = "iPhone Developer";
				COPY_PHASE_STRIP = NO;
				DEBUG_INFORMATION_FORMAT = dwarf;
				ENABLE_STRICT_OBJC_MSGSEND = YES;
				ENABLE_TESTABILITY = YES;
				GCC_C_LANGUAGE_STANDARD = gnu99;
				GCC_DYNAMIC_NO_PIC = NO;
				GCC_NO_COMMON_BLOCKS = YES;
				GCC_OPTIMIZATION_LEVEL = 0;
				GCC_PREPROCESSOR_DEFINITIONS = (
					"DEBUG=1",
					"$(inherited)",
				);
				GCC_WARN_64_TO_32_BIT_CONVERSION = YES;
				GCC_WARN_ABOUT_RETURN_TYPE = YES_ERROR;
				GCC_WARN_UNDECLARED_SELECTOR = YES;
				GCC_WARN_UNINITIALIZED_AUTOS = YES_AGGRESSIVE;
				GCC_WARN_UNUSED_FUNCTION = YES;
				GCC_WARN_UNUSED_VARIABLE = YES;
				IPHONEOS_DEPLOYMENT_TARGET = 10.1;
				MTL_ENABLE_DEBUG_INFO = YES;
				ONLY_ACTIVE_ARCH = YES;
				SDKROOT = iphoneos;
				SWIFT_ACTIVE_COMPILATION_CONDITIONS = DEBUG;
				SWIFT_OPTIMIZATION_LEVEL = "-Onone";
			};
			name = Debug;
		};
		86D6E5001DE40173005C4F21 /* Release */ = {
			isa = XCBuildConfiguration;
			buildSettings = {
				ALWAYS_SEARCH_USER_PATHS = NO;
				CLANG_ANALYZER_NONNULL = YES;
				CLANG_CXX_LANGUAGE_STANDARD = "gnu++0x";
				CLANG_CXX_LIBRARY = "libc++";
				CLANG_ENABLE_MODULES = YES;
				CLANG_ENABLE_OBJC_ARC = YES;
				CLANG_WARN_BOOL_CONVERSION = YES;
				CLANG_WARN_CONSTANT_CONVERSION = YES;
				CLANG_WARN_DIRECT_OBJC_ISA_USAGE = YES_ERROR;
				CLANG_WARN_DOCUMENTATION_COMMENTS = YES;
				CLANG_WARN_EMPTY_BODY = YES;
				CLANG_WARN_ENUM_CONVERSION = YES;
				CLANG_WARN_INFINITE_RECURSION = YES;
				CLANG_WARN_INT_CONVERSION = YES;
				CLANG_WARN_OBJC_ROOT_CLASS = YES_ERROR;
				CLANG_WARN_SUSPICIOUS_MOVES = YES;
				CLANG_WARN_UNREACHABLE_CODE = YES;
				CLANG_WARN__DUPLICATE_METHOD_MATCH = YES;
				"CODE_SIGN_IDENTITY[sdk=iphoneos*]" = "iPhone Developer";
				COPY_PHASE_STRIP = NO;
				DEBUG_INFORMATION_FORMAT = "dwarf-with-dsym";
				ENABLE_NS_ASSERTIONS = NO;
				ENABLE_STRICT_OBJC_MSGSEND = YES;
				GCC_C_LANGUAGE_STANDARD = gnu99;
				GCC_NO_COMMON_BLOCKS = YES;
				GCC_WARN_64_TO_32_BIT_CONVERSION = YES;
				GCC_WARN_ABOUT_RETURN_TYPE = YES_ERROR;
				GCC_WARN_UNDECLARED_SELECTOR = YES;
				GCC_WARN_UNINITIALIZED_AUTOS = YES_AGGRESSIVE;
				GCC_WARN_UNUSED_FUNCTION = YES;
				GCC_WARN_UNUSED_VARIABLE = YES;
				IPHONEOS_DEPLOYMENT_TARGET = 10.1;
				MTL_ENABLE_DEBUG_INFO = NO;
				SDKROOT = iphoneos;
				SWIFT_OPTIMIZATION_LEVEL = "-Owholemodule";
				VALIDATE_PRODUCT = YES;
			};
			name = Release;
		};
		86D6E5021DE40173005C4F21 /* Debug */ = {
			isa = XCBuildConfiguration;
			baseConfigurationReference = 5BD5FFD150CE905DC0D80E61 /* Pods-chat_app.debug.xcconfig */;
			buildSettings = {
				ASSETCATALOG_COMPILER_APPICON_NAME = AppIcon;
				INFOPLIST_FILE = chat_app/Info.plist;
				LD_RUNPATH_SEARCH_PATHS = "$(inherited) @executable_path/Frameworks";
				PRODUCT_BUNDLE_IDENTIFIER = "com.takuya.chat-app";
				PRODUCT_NAME = "$(TARGET_NAME)";
				SWIFT_VERSION = 3.0;
			};
			name = Debug;
		};
		86D6E5031DE40173005C4F21 /* Release */ = {
			isa = XCBuildConfiguration;
			baseConfigurationReference = 5C3724B3AA687DC8B4D558B8 /* Pods-chat_app.release.xcconfig */;
			buildSettings = {
				ASSETCATALOG_COMPILER_APPICON_NAME = AppIcon;
				INFOPLIST_FILE = chat_app/Info.plist;
				LD_RUNPATH_SEARCH_PATHS = "$(inherited) @executable_path/Frameworks";
				PRODUCT_BUNDLE_IDENTIFIER = "com.takuya.chat-app";
				PRODUCT_NAME = "$(TARGET_NAME)";
				SWIFT_VERSION = 3.0;
			};
			name = Release;
		};
/* End XCBuildConfiguration section */

/* Begin XCConfigurationList section */
		86D6E4EA1DE40173005C4F21 /* Build configuration list for PBXProject "chat_app" */ = {
			isa = XCConfigurationList;
			buildConfigurations = (
				86D6E4FF1DE40173005C4F21 /* Debug */,
				86D6E5001DE40173005C4F21 /* Release */,
			);
			defaultConfigurationIsVisible = 0;
			defaultConfigurationName = Release;
		};
		86D6E5011DE40173005C4F21 /* Build configuration list for PBXNativeTarget "chat_app" */ = {
			isa = XCConfigurationList;
			buildConfigurations = (
				86D6E5021DE40173005C4F21 /* Debug */,
				86D6E5031DE40173005C4F21 /* Release */,
			);
			defaultConfigurationIsVisible = 0;
			defaultConfigurationName = Release;
		};
/* End XCConfigurationList section */
	};
	rootObject = 86D6E4E71DE40173005C4F21 /* Project object */;
}
